
Microsoft Visual Studio Solution File, Format Version 12.00
# Visual Studio Version 16
VisualStudioVersion = 16.0.30114.105
MinimumVisualStudioVersion = 10.0.40219.1
Project("{FAE04EC0-301F-11D3-BF4B-00C04F79EFBC}") = "WebApi", "WebApi\WebApi.csproj", "{B5320356-C53D-4B88-A884-34321F30EC05}"
EndProject
Project("{2150E333-8FDC-42A3-9474-1A3956D46DE8}") = "Tests", "Tests", "{F392B7D1-513C-42F2-8BDE-2DC391993228}"
EndProject
Project("{FAE04EC0-301F-11D3-BF4B-00C04F79EFBC}") = "WebApi.UnitTests", "Tests\WebApi.UnitTests\WebApi.UnitTests.csproj", "{AAAE7FC4-D97A-4026-9722-07ED3924F07A}"
EndProject
Global
	GlobalSection(SolutionConfigurationPlatforms) = preSolution
		Debug|Any CPU = Debug|Any CPU
		Debug|x64 = Debug|x64
		Debug|x86 = Debug|x86
		Release|Any CPU = Release|Any CPU
		Release|x64 = Release|x64
		Release|x86 = Release|x86
	EndGlobalSection
	GlobalSection(SolutionProperties) = preSolution
		HideSolutionNode = FALSE
	EndGlobalSection
	GlobalSection(ProjectConfigurationPlatforms) = postSolution
		{B5320356-C53D-4B88-A884-34321F30EC05}.Debug|Any CPU.ActiveCfg = Debug|Any CPU
		{B5320356-C53D-4B88-A884-34321F30EC05}.Debug|Any CPU.Build.0 = Debug|Any CPU
		{B5320356-C53D-4B88-A884-34321F30EC05}.Debug|x64.ActiveCfg = Debug|Any CPU
		{B5320356-C53D-4B88-A884-34321F30EC05}.Debug|x64.Build.0 = Debug|Any CPU
		{B5320356-C53D-4B88-A884-34321F30EC05}.Debug|x86.ActiveCfg = Debug|Any CPU
		{B5320356-C53D-4B88-A884-34321F30EC05}.Debug|x86.Build.0 = Debug|Any CPU
		{B5320356-C53D-4B88-A884-34321F30EC05}.Release|Any CPU.ActiveCfg = Release|Any CPU
		{B5320356-C53D-4B88-A884-34321F30EC05}.Release|Any CPU.Build.0 = Release|Any CPU
		{B5320356-C53D-4B88-A884-34321F30EC05}.Release|x64.ActiveCfg = Release|Any CPU
		{B5320356-C53D-4B88-A884-34321F30EC05}.Release|x64.Build.0 = Release|Any CPU
		{B5320356-C53D-4B88-A884-34321F30EC05}.Release|x86.ActiveCfg = Release|Any CPU
		{B5320356-C53D-4B88-A884-34321F30EC05}.Release|x86.Build.0 = Release|Any CPU
		{AAAE7FC4-D97A-4026-9722-07ED3924F07A}.Debug|Any CPU.ActiveCfg = Debug|Any CPU
		{AAAE7FC4-D97A-4026-9722-07ED3924F07A}.Debug|Any CPU.Build.0 = Debug|Any CPU
		{AAAE7FC4-D97A-4026-9722-07ED3924F07A}.Debug|x64.ActiveCfg = Debug|Any CPU
		{AAAE7FC4-D97A-4026-9722-07ED3924F07A}.Debug|x64.Build.0 = Debug|Any CPU
		{AAAE7FC4-D97A-4026-9722-07ED3924F07A}.Debug|x86.ActiveCfg = Debug|Any CPU
		{AAAE7FC4-D97A-4026-9722-07ED3924F07A}.Debug|x86.Build.0 = Debug|Any CPU
		{AAAE7FC4-D97A-4026-9722-07ED3924F07A}.Release|Any CPU.ActiveCfg = Release|Any CPU
		{AAAE7FC4-D97A-4026-9722-07ED3924F07A}.Release|Any CPU.Build.0 = Release|Any CPU
		{AAAE7FC4-D97A-4026-9722-07ED3924F07A}.Release|x64.ActiveCfg = Release|Any CPU
		{AAAE7FC4-D97A-4026-9722-07ED3924F07A}.Release|x64.Build.0 = Release|Any CPU
		{AAAE7FC4-D97A-4026-9722-07ED3924F07A}.Release|x86.ActiveCfg = Release|Any CPU
		{AAAE7FC4-D97A-4026-9722-07ED3924F07A}.Release|x86.Build.0 = Release|Any CPU
	EndGlobalSection
	GlobalSection(NestedProjects) = preSolution
		{AAAE7FC4-D97A-4026-9722-07ED3924F07A} = {F392B7D1-513C-42F2-8BDE-2DC391993228}
	EndGlobalSection
EndGlobal
